
Microsoft Visual Studio Solution File, Format Version 10.00
# Visual Studio 2008
Project("{FAE04EC0-301F-11D3-BF4B-00C04F79EFBC}") = "Valker.GoPlugin", "GoPlugin\Valker.GoPlugin.csproj", "{CD8A3127-E2DF-48DD-BAA3-D137602CCF08}"
EndProject
Project("{FAE04EC0-301F-11D3-BF4B-00C04F79EFBC}") = "Valker.PlayOnLan", "PlayOnLan\Valker.PlayOnLan.csproj", "{81F3F80C-2737-4EC4-AEEA-94003AC1D47E}"
EndProject
Project("{FAE04EC0-301F-11D3-BF4B-00C04F79EFBC}") = "Valker.Api", "Valker.Api\Valker.Api.csproj", "{757447CE-16F5-47D9-9E8B-DA002BDF561F}"
EndProject
Global
	GlobalSection(SolutionConfigurationPlatforms) = preSolution
		Debug|Any CPU = Debug|Any CPU
		Release|Any CPU = Release|Any CPU
	EndGlobalSection
	GlobalSection(ProjectConfigurationPlatforms) = postSolution
		{CD8A3127-E2DF-48DD-BAA3-D137602CCF08}.Debug|Any CPU.ActiveCfg = Debug|Any CPU
		{CD8A3127-E2DF-48DD-BAA3-D137602CCF08}.Debug|Any CPU.Build.0 = Debug|Any CPU
		{CD8A3127-E2DF-48DD-BAA3-D137602CCF08}.Release|Any CPU.ActiveCfg = Release|Any CPU
		{CD8A3127-E2DF-48DD-BAA3-D137602CCF08}.Release|Any CPU.Build.0 = Release|Any CPU
		{81F3F80C-2737-4EC4-AEEA-94003AC1D47E}.Debug|Any CPU.ActiveCfg = Debug|Any CPU
		{81F3F80C-2737-4EC4-AEEA-94003AC1D47E}.Debug|Any CPU.Build.0 = Debug|Any CPU
		{81F3F80C-2737-4EC4-AEEA-94003AC1D47E}.Release|Any CPU.ActiveCfg = Release|Any CPU
		{81F3F80C-2737-4EC4-AEEA-94003AC1D47E}.Release|Any CPU.Build.0 = Release|Any CPU
		{757447CE-16F5-47D9-9E8B-DA002BDF561F}.Debug|Any CPU.ActiveCfg = Debug|Any CPU
		{757447CE-16F5-47D9-9E8B-DA002BDF561F}.Debug|Any CPU.Build.0 = Debug|Any CPU
		{757447CE-16F5-47D9-9E8B-DA002BDF561F}.Release|Any CPU.ActiveCfg = Release|Any CPU
		{757447CE-16F5-47D9-9E8B-DA002BDF561F}.Release|Any CPU.Build.0 = Release|Any CPU
	EndGlobalSection
	GlobalSection(SolutionProperties) = preSolution
		HideSolutionNode = FALSE
	EndGlobalSection
EndGlobal
