
Microsoft Visual Studio Solution File, Format Version 12.00
# Visual Studio 14
VisualStudioVersion = 14.0.22609.0
MinimumVisualStudioVersion = 10.0.40219.1
Project("{2150E333-8FDC-42A3-9474-1A3956D46DE8}") = "Go", "Go", "{E973A778-9FAB-4D9B-8F9A-85372FE9ADC2}"
EndProject
Project("{2150E333-8FDC-42A3-9474-1A3956D46DE8}") = "Solution Items", "Solution Items", "{EF7ED730-DC5E-4DE6-A419-4E4571AAF166}"
	ProjectSection(SolutionItems) = preProject
		todo.txt = todo.txt
	EndProjectSection
EndProject
Project("{FAE04EC0-301F-11D3-BF4B-00C04F79EFBC}") = "Valker.PlayOnLan.Api2008", "Valker.PlayOnLan.Api\Valker.PlayOnLan.Api2008.csproj", "{A6CD4BA3-A312-46F8-9978-A49ED132B0F6}"
EndProject
Project("{FAE04EC0-301F-11D3-BF4B-00C04F79EFBC}") = "Valker.PlayOnLan.Server2008", "Valker.PlayOnLan.Server\Valker.PlayOnLan.Server2008.csproj", "{C2F403D0-E775-43CE-B1B1-B8A46593E6D4}"
EndProject
Project("{FAE04EC0-301F-11D3-BF4B-00C04F79EFBC}") = "Valker.PlayOnLan.TicTacToePlugin2008", "Valker.TicTacToePlugin\Valker.PlayOnLan.TicTacToePlugin2008.csproj", "{9013D731-1C6E-4AAC-8E20-F4EBC49AB853}"
EndProject
Project("{FAE04EC0-301F-11D3-BF4B-00C04F79EFBC}") = "Valker.PlayOnLan.Client2008", "Valker.PlayOnLan.Client\Valker.PlayOnLan.Client2008.csproj", "{42760C3A-171D-42CE-8E40-B4D185781C8D}"
EndProject
Project("{FAE04EC0-301F-11D3-BF4B-00C04F79EFBC}") = "Valker.PlayOnLan.Goban", "Valker.PlayOnLan.Goban\Valker.PlayOnLan.Goban.csproj", "{22A2F56D-5A29-468B-90C1-622B98E9E2FF}"
EndProject
Project("{FAE04EC0-301F-11D3-BF4B-00C04F79EFBC}") = "Valker.PlayOnLan.PluginLoader", "Valker.PlayOnLan.PluginLoader\Valker.PlayOnLan.PluginLoader.csproj", "{56EF6572-031E-405E-B260-1865FD798E09}"
EndProject
Project("{FAE04EC0-301F-11D3-BF4B-00C04F79EFBC}") = "TicTacToePluginTest", "TestTicTacToePlugin\TicTacToePluginTest.csproj", "{771856E5-F496-454C-9CC6-39EC39317E87}"
EndProject
Project("{FAE04EC0-301F-11D3-BF4B-00C04F79EFBC}") = "Valker.PlayOnLan.ServerRunner", "ServerRunner\Valker.PlayOnLan.ServerRunner.csproj", "{A9125D9B-3E0A-45EB-8CB4-0F65257D17E7}"
EndProject
Project("{FAE04EC0-301F-11D3-BF4B-00C04F79EFBC}") = "Valker.PlayOnLan.XmppTransport", "Valker.PlayOnLan.XmppTransport\Valker.PlayOnLan.XmppTransport.csproj", "{6A722E80-2D08-4CBB-BEDA-3F9BEFD16FFB}"
EndProject
Project("{FAE04EC0-301F-11D3-BF4B-00C04F79EFBC}") = "WinFormsClient", "WinFormsClient\WinFormsClient.csproj", "{EDEDB019-E7FC-432D-8B34-1E5B42873690}"
	ProjectSection(ProjectDependencies) = postProject
		{25589F10-2ABD-44FD-8E89-F8B916E9F1D1} = {25589F10-2ABD-44FD-8E89-F8B916E9F1D1}
		{7CBEA4FE-9513-46A2-ADB0-F548D3853CE0} = {7CBEA4FE-9513-46A2-ADB0-F548D3853CE0}
	EndProjectSection
EndProject
Project("{FAE04EC0-301F-11D3-BF4B-00C04F79EFBC}") = "Valker.PlayOnLan.GoPlugin", "Valker.PlayOnLan.GoPlugin\Valker.PlayOnLan.GoPlugin.csproj", "{7CBEA4FE-9513-46A2-ADB0-F548D3853CE0}"
EndProject
Project("{FAE04EC0-301F-11D3-BF4B-00C04F79EFBC}") = "Valker.PlayOnLan.GoPlugin.WinForms", "Valker.PlayOnLan.GoPlugin.WinForms\Valker.PlayOnLan.GoPlugin.WinForms.csproj", "{25589F10-2ABD-44FD-8E89-F8B916E9F1D1}"
EndProject
Project("{FAE04EC0-301F-11D3-BF4B-00C04F79EFBC}") = "Valker.PlayOnLan.Utilities", "Valker.PlayOnLan.Utilities\Valker.PlayOnLan.Utilities.csproj", "{13835B3F-8360-44AA-A314-89A05920D8D2}"
EndProject
Project("{FAE04EC0-301F-11D3-BF4B-00C04F79EFBC}") = "XmppTransportTest", "XmppTransportTest\XmppTransportTest.csproj", "{2C516B5F-1AE5-4D8A-B19D-55D5D727694B}"
EndProject
Project("{FAE04EC0-301F-11D3-BF4B-00C04F79EFBC}") = "ServerTest", "ServerTest\ServerTest.csproj", "{D3E0B528-B618-40DA-B06B-926FCE708310}"
EndProject
Project("{FAE04EC0-301F-11D3-BF4B-00C04F79EFBC}") = "Valker.PlayOnLan.GoPluginTests", "Valker.PlayOnLan.GoPluginTests\Valker.PlayOnLan.GoPluginTests.csproj", "{AA44BFE5-F62E-4077-BA27-9611F33C5DA5}"
EndProject
Global
	GlobalSection(SolutionConfigurationPlatforms) = preSolution
		Debug|Any CPU = Debug|Any CPU
		Release|Any CPU = Release|Any CPU
	EndGlobalSection
	GlobalSection(ProjectConfigurationPlatforms) = postSolution
		{A6CD4BA3-A312-46F8-9978-A49ED132B0F6}.Debug|Any CPU.ActiveCfg = Debug|Any CPU
		{A6CD4BA3-A312-46F8-9978-A49ED132B0F6}.Debug|Any CPU.Build.0 = Debug|Any CPU
		{A6CD4BA3-A312-46F8-9978-A49ED132B0F6}.Release|Any CPU.ActiveCfg = Release|Any CPU
		{A6CD4BA3-A312-46F8-9978-A49ED132B0F6}.Release|Any CPU.Build.0 = Release|Any CPU
		{C2F403D0-E775-43CE-B1B1-B8A46593E6D4}.Debug|Any CPU.ActiveCfg = Debug|Any CPU
		{C2F403D0-E775-43CE-B1B1-B8A46593E6D4}.Debug|Any CPU.Build.0 = Debug|Any CPU
		{C2F403D0-E775-43CE-B1B1-B8A46593E6D4}.Release|Any CPU.ActiveCfg = Release|Any CPU
		{C2F403D0-E775-43CE-B1B1-B8A46593E6D4}.Release|Any CPU.Build.0 = Release|Any CPU
		{9013D731-1C6E-4AAC-8E20-F4EBC49AB853}.Debug|Any CPU.ActiveCfg = Debug|Any CPU
		{9013D731-1C6E-4AAC-8E20-F4EBC49AB853}.Debug|Any CPU.Build.0 = Debug|Any CPU
		{9013D731-1C6E-4AAC-8E20-F4EBC49AB853}.Release|Any CPU.ActiveCfg = Release|Any CPU
		{9013D731-1C6E-4AAC-8E20-F4EBC49AB853}.Release|Any CPU.Build.0 = Release|Any CPU
		{42760C3A-171D-42CE-8E40-B4D185781C8D}.Debug|Any CPU.ActiveCfg = Debug|Any CPU
		{42760C3A-171D-42CE-8E40-B4D185781C8D}.Debug|Any CPU.Build.0 = Debug|Any CPU
		{42760C3A-171D-42CE-8E40-B4D185781C8D}.Release|Any CPU.ActiveCfg = Release|Any CPU
		{42760C3A-171D-42CE-8E40-B4D185781C8D}.Release|Any CPU.Build.0 = Release|Any CPU
		{22A2F56D-5A29-468B-90C1-622B98E9E2FF}.Debug|Any CPU.ActiveCfg = Debug|Any CPU
		{22A2F56D-5A29-468B-90C1-622B98E9E2FF}.Debug|Any CPU.Build.0 = Debug|Any CPU
		{22A2F56D-5A29-468B-90C1-622B98E9E2FF}.Release|Any CPU.ActiveCfg = Release|Any CPU
		{22A2F56D-5A29-468B-90C1-622B98E9E2FF}.Release|Any CPU.Build.0 = Release|Any CPU
		{56EF6572-031E-405E-B260-1865FD798E09}.Debug|Any CPU.ActiveCfg = Debug|Any CPU
		{56EF6572-031E-405E-B260-1865FD798E09}.Debug|Any CPU.Build.0 = Debug|Any CPU
		{56EF6572-031E-405E-B260-1865FD798E09}.Release|Any CPU.ActiveCfg = Release|Any CPU
		{56EF6572-031E-405E-B260-1865FD798E09}.Release|Any CPU.Build.0 = Release|Any CPU
		{771856E5-F496-454C-9CC6-39EC39317E87}.Debug|Any CPU.ActiveCfg = Debug|Any CPU
		{771856E5-F496-454C-9CC6-39EC39317E87}.Debug|Any CPU.Build.0 = Debug|Any CPU
		{771856E5-F496-454C-9CC6-39EC39317E87}.Release|Any CPU.ActiveCfg = Release|Any CPU
		{771856E5-F496-454C-9CC6-39EC39317E87}.Release|Any CPU.Build.0 = Release|Any CPU
		{A9125D9B-3E0A-45EB-8CB4-0F65257D17E7}.Debug|Any CPU.ActiveCfg = Debug|Any CPU
		{A9125D9B-3E0A-45EB-8CB4-0F65257D17E7}.Debug|Any CPU.Build.0 = Debug|Any CPU
		{A9125D9B-3E0A-45EB-8CB4-0F65257D17E7}.Release|Any CPU.ActiveCfg = Release|Any CPU
		{A9125D9B-3E0A-45EB-8CB4-0F65257D17E7}.Release|Any CPU.Build.0 = Release|Any CPU
		{6A722E80-2D08-4CBB-BEDA-3F9BEFD16FFB}.Debug|Any CPU.ActiveCfg = Debug|Any CPU
		{6A722E80-2D08-4CBB-BEDA-3F9BEFD16FFB}.Debug|Any CPU.Build.0 = Debug|Any CPU
		{6A722E80-2D08-4CBB-BEDA-3F9BEFD16FFB}.Release|Any CPU.ActiveCfg = Release|Any CPU
		{6A722E80-2D08-4CBB-BEDA-3F9BEFD16FFB}.Release|Any CPU.Build.0 = Release|Any CPU
		{EDEDB019-E7FC-432D-8B34-1E5B42873690}.Debug|Any CPU.ActiveCfg = Debug|Any CPU
		{EDEDB019-E7FC-432D-8B34-1E5B42873690}.Debug|Any CPU.Build.0 = Debug|Any CPU
		{EDEDB019-E7FC-432D-8B34-1E5B42873690}.Release|Any CPU.ActiveCfg = Release|Any CPU
		{EDEDB019-E7FC-432D-8B34-1E5B42873690}.Release|Any CPU.Build.0 = Release|Any CPU
		{7CBEA4FE-9513-46A2-ADB0-F548D3853CE0}.Debug|Any CPU.ActiveCfg = Debug|Any CPU
		{7CBEA4FE-9513-46A2-ADB0-F548D3853CE0}.Debug|Any CPU.Build.0 = Debug|Any CPU
		{7CBEA4FE-9513-46A2-ADB0-F548D3853CE0}.Release|Any CPU.ActiveCfg = Release|Any CPU
		{7CBEA4FE-9513-46A2-ADB0-F548D3853CE0}.Release|Any CPU.Build.0 = Release|Any CPU
		{25589F10-2ABD-44FD-8E89-F8B916E9F1D1}.Debug|Any CPU.ActiveCfg = Debug|Any CPU
		{25589F10-2ABD-44FD-8E89-F8B916E9F1D1}.Debug|Any CPU.Build.0 = Debug|Any CPU
		{25589F10-2ABD-44FD-8E89-F8B916E9F1D1}.Release|Any CPU.ActiveCfg = Release|Any CPU
		{25589F10-2ABD-44FD-8E89-F8B916E9F1D1}.Release|Any CPU.Build.0 = Release|Any CPU
		{13835B3F-8360-44AA-A314-89A05920D8D2}.Debug|Any CPU.ActiveCfg = Debug|Any CPU
		{13835B3F-8360-44AA-A314-89A05920D8D2}.Debug|Any CPU.Build.0 = Debug|Any CPU
		{13835B3F-8360-44AA-A314-89A05920D8D2}.Release|Any CPU.ActiveCfg = Release|Any CPU
		{13835B3F-8360-44AA-A314-89A05920D8D2}.Release|Any CPU.Build.0 = Release|Any CPU
		{2C516B5F-1AE5-4D8A-B19D-55D5D727694B}.Debug|Any CPU.ActiveCfg = Debug|Any CPU
		{2C516B5F-1AE5-4D8A-B19D-55D5D727694B}.Debug|Any CPU.Build.0 = Debug|Any CPU
		{2C516B5F-1AE5-4D8A-B19D-55D5D727694B}.Release|Any CPU.ActiveCfg = Release|Any CPU
		{2C516B5F-1AE5-4D8A-B19D-55D5D727694B}.Release|Any CPU.Build.0 = Release|Any CPU
		{D3E0B528-B618-40DA-B06B-926FCE708310}.Debug|Any CPU.ActiveCfg = Debug|Any CPU
		{D3E0B528-B618-40DA-B06B-926FCE708310}.Debug|Any CPU.Build.0 = Debug|Any CPU
		{D3E0B528-B618-40DA-B06B-926FCE708310}.Release|Any CPU.ActiveCfg = Release|Any CPU
		{D3E0B528-B618-40DA-B06B-926FCE708310}.Release|Any CPU.Build.0 = Release|Any CPU
		{AA44BFE5-F62E-4077-BA27-9611F33C5DA5}.Debug|Any CPU.ActiveCfg = Debug|Any CPU
		{AA44BFE5-F62E-4077-BA27-9611F33C5DA5}.Debug|Any CPU.Build.0 = Debug|Any CPU
		{AA44BFE5-F62E-4077-BA27-9611F33C5DA5}.Release|Any CPU.ActiveCfg = Release|Any CPU
		{AA44BFE5-F62E-4077-BA27-9611F33C5DA5}.Release|Any CPU.Build.0 = Release|Any CPU
	EndGlobalSection
	GlobalSection(SolutionProperties) = preSolution
		HideSolutionNode = FALSE
	EndGlobalSection
	GlobalSection(NestedProjects) = preSolution
		{7CBEA4FE-9513-46A2-ADB0-F548D3853CE0} = {E973A778-9FAB-4D9B-8F9A-85372FE9ADC2}
		{25589F10-2ABD-44FD-8E89-F8B916E9F1D1} = {E973A778-9FAB-4D9B-8F9A-85372FE9ADC2}
		{AA44BFE5-F62E-4077-BA27-9611F33C5DA5} = {E973A778-9FAB-4D9B-8F9A-85372FE9ADC2}
	EndGlobalSection
	GlobalSection(MonoDevelopProperties) = preSolution
		StartupItem = GtkClient\GtkClient.csproj
	EndGlobalSection
EndGlobal
