
Microsoft Visual Studio Solution File, Format Version 10.00
# Visual Studio 2008
Project("{FAE04EC0-301F-11D3-BF4B-00C04F79EFBC}") = "Valker.PlayOnLan.Api2008", "Valker.PlayOnLan.Api\Valker.PlayOnLan.Api2008.csproj", "{A6CD4BA3-A312-46F8-9978-A49ED132B0F6}"
EndProject
Project("{FAE04EC0-301F-11D3-BF4B-00C04F79EFBC}") = "Valker.PlayOnLan.Server2008", "Valker.PlayOnLan.Server\Valker.PlayOnLan.Server2008.csproj", "{C2F403D0-E775-43CE-B1B1-B8A46593E6D4}"
EndProject
Project("{FAE04EC0-301F-11D3-BF4B-00C04F79EFBC}") = "Valker.PlayOnLan.TicTacToePlugin2008", "Valker.TicTacToePlugin\Valker.PlayOnLan.TicTacToePlugin2008.csproj", "{9013D731-1C6E-4AAC-8E20-F4EBC49AB853}"
EndProject
Project("{FAE04EC0-301F-11D3-BF4B-00C04F79EFBC}") = "Valker.PlayOnLan.Client2008", "Valker.PlayOnLan.Client\Valker.PlayOnLan.Client2008.csproj", "{42760C3A-171D-42CE-8E40-B4D185781C8D}"
EndProject
Project("{FAE04EC0-301F-11D3-BF4B-00C04F79EFBC}") = "Valker.PlayOnLan.Goban", "Valker.PlayOnLan.Goban\Valker.PlayOnLan.Goban.csproj", "{22A2F56D-5A29-468B-90C1-622B98E9E2FF}"
EndProject
Project("{FAE04EC0-301F-11D3-BF4B-00C04F79EFBC}") = "Valker.PlayOnLan.PluginLoader", "Valker.PlayOnLan.PluginLoader\Valker.PlayOnLan.PluginLoader.csproj", "{56EF6572-031E-405E-B260-1865FD798E09}"
EndProject
Project("{FAE04EC0-301F-11D3-BF4B-00C04F79EFBC}") = "TestTicTacToePlugin", "TestTicTacToePlugin\TestTicTacToePlugin.csproj", "{771856E5-F496-454C-9CC6-39EC39317E87}"
EndProject
Project("{FAE04EC0-301F-11D3-BF4B-00C04F79EFBC}") = "Valker.PlayOnLan.ServerRunner", "ServerRunner\Valker.PlayOnLan.ServerRunner.csproj", "{A9125D9B-3E0A-45EB-8CB4-0F65257D17E7}"
EndProject
Project("{FAE04EC0-301F-11D3-BF4B-00C04F79EFBC}") = "Valker.PlayOnLan.XmppTransport", "Valker.PlayOnLan.XmppTransport\Valker.PlayOnLan.XmppTransport.csproj", "{6A722E80-2D08-4CBB-BEDA-3F9BEFD16FFB}"
EndProject
Global
	GlobalSection(SolutionConfigurationPlatforms) = preSolution
		Debug|Any CPU = Debug|Any CPU
		Release|Any CPU = Release|Any CPU
	EndGlobalSection
	GlobalSection(ProjectConfigurationPlatforms) = postSolution
		{A6CD4BA3-A312-46F8-9978-A49ED132B0F6}.Debug|Any CPU.ActiveCfg = Debug|Any CPU
		{A6CD4BA3-A312-46F8-9978-A49ED132B0F6}.Debug|Any CPU.Build.0 = Debug|Any CPU
		{A6CD4BA3-A312-46F8-9978-A49ED132B0F6}.Release|Any CPU.ActiveCfg = Release|Any CPU
		{A6CD4BA3-A312-46F8-9978-A49ED132B0F6}.Release|Any CPU.Build.0 = Release|Any CPU
		{C2F403D0-E775-43CE-B1B1-B8A46593E6D4}.Debug|Any CPU.ActiveCfg = Debug|Any CPU
		{C2F403D0-E775-43CE-B1B1-B8A46593E6D4}.Debug|Any CPU.Build.0 = Debug|Any CPU
		{C2F403D0-E775-43CE-B1B1-B8A46593E6D4}.Release|Any CPU.ActiveCfg = Release|Any CPU
		{C2F403D0-E775-43CE-B1B1-B8A46593E6D4}.Release|Any CPU.Build.0 = Release|Any CPU
		{9013D731-1C6E-4AAC-8E20-F4EBC49AB853}.Debug|Any CPU.ActiveCfg = Debug|Any CPU
		{9013D731-1C6E-4AAC-8E20-F4EBC49AB853}.Debug|Any CPU.Build.0 = Debug|Any CPU
		{9013D731-1C6E-4AAC-8E20-F4EBC49AB853}.Release|Any CPU.ActiveCfg = Release|Any CPU
		{9013D731-1C6E-4AAC-8E20-F4EBC49AB853}.Release|Any CPU.Build.0 = Release|Any CPU
		{42760C3A-171D-42CE-8E40-B4D185781C8D}.Debug|Any CPU.ActiveCfg = Debug|Any CPU
		{42760C3A-171D-42CE-8E40-B4D185781C8D}.Debug|Any CPU.Build.0 = Debug|Any CPU
		{42760C3A-171D-42CE-8E40-B4D185781C8D}.Release|Any CPU.ActiveCfg = Release|Any CPU
		{42760C3A-171D-42CE-8E40-B4D185781C8D}.Release|Any CPU.Build.0 = Release|Any CPU
		{22A2F56D-5A29-468B-90C1-622B98E9E2FF}.Debug|Any CPU.ActiveCfg = Debug|Any CPU
		{22A2F56D-5A29-468B-90C1-622B98E9E2FF}.Debug|Any CPU.Build.0 = Debug|Any CPU
		{22A2F56D-5A29-468B-90C1-622B98E9E2FF}.Release|Any CPU.ActiveCfg = Release|Any CPU
		{22A2F56D-5A29-468B-90C1-622B98E9E2FF}.Release|Any CPU.Build.0 = Release|Any CPU
		{56EF6572-031E-405E-B260-1865FD798E09}.Debug|Any CPU.ActiveCfg = Debug|Any CPU
		{56EF6572-031E-405E-B260-1865FD798E09}.Debug|Any CPU.Build.0 = Debug|Any CPU
		{56EF6572-031E-405E-B260-1865FD798E09}.Release|Any CPU.ActiveCfg = Release|Any CPU
		{56EF6572-031E-405E-B260-1865FD798E09}.Release|Any CPU.Build.0 = Release|Any CPU
		{771856E5-F496-454C-9CC6-39EC39317E87}.Debug|Any CPU.ActiveCfg = Debug|Any CPU
		{771856E5-F496-454C-9CC6-39EC39317E87}.Debug|Any CPU.Build.0 = Debug|Any CPU
		{771856E5-F496-454C-9CC6-39EC39317E87}.Release|Any CPU.ActiveCfg = Release|Any CPU
		{771856E5-F496-454C-9CC6-39EC39317E87}.Release|Any CPU.Build.0 = Release|Any CPU
		{A9125D9B-3E0A-45EB-8CB4-0F65257D17E7}.Debug|Any CPU.ActiveCfg = Debug|Any CPU
		{A9125D9B-3E0A-45EB-8CB4-0F65257D17E7}.Debug|Any CPU.Build.0 = Debug|Any CPU
		{A9125D9B-3E0A-45EB-8CB4-0F65257D17E7}.Release|Any CPU.ActiveCfg = Release|Any CPU
		{A9125D9B-3E0A-45EB-8CB4-0F65257D17E7}.Release|Any CPU.Build.0 = Release|Any CPU
		{6A722E80-2D08-4CBB-BEDA-3F9BEFD16FFB}.Debug|Any CPU.ActiveCfg = Debug|Any CPU
		{6A722E80-2D08-4CBB-BEDA-3F9BEFD16FFB}.Debug|Any CPU.Build.0 = Debug|Any CPU
		{6A722E80-2D08-4CBB-BEDA-3F9BEFD16FFB}.Release|Any CPU.ActiveCfg = Release|Any CPU
		{6A722E80-2D08-4CBB-BEDA-3F9BEFD16FFB}.Release|Any CPU.Build.0 = Release|Any CPU
	EndGlobalSection
	GlobalSection(SolutionProperties) = preSolution
		HideSolutionNode = FALSE
	EndGlobalSection
EndGlobal
